
Microsoft Visual Studio Solution File, Format Version 12.00
# Visual Studio 15
VisualStudioVersion = 15.0.28307.757
MinimumVisualStudioVersion = 10.0.40219.1
Project("{FAE04EC0-301F-11D3-BF4B-00C04F79EFBC}") = "TransformiceKeys", "TransformiceKeys\TransformiceKeys.csproj", "{9AEA9275-007D-4857-9548-77B9B52E86E5}"
EndProject
Global
	GlobalSection(SolutionConfigurationPlatforms) = preSolution
		Debug|Any CPU = Debug|Any CPU
		Release|Any CPU = Release|Any CPU
	EndGlobalSection
	GlobalSection(ProjectConfigurationPlatforms) = postSolution
		{9AEA9275-007D-4857-9548-77B9B52E86E5}.Debug|Any CPU.ActiveCfg = Debug|Any CPU
		{9AEA9275-007D-4857-9548-77B9B52E86E5}.Debug|Any CPU.Build.0 = Debug|Any CPU
		{9AEA9275-007D-4857-9548-77B9B52E86E5}.Release|Any CPU.ActiveCfg = Release|Any CPU
		{9AEA9275-007D-4857-9548-77B9B52E86E5}.Release|Any CPU.Build.0 = Release|Any CPU
	EndGlobalSection
	GlobalSection(SolutionProperties) = preSolution
		HideSolutionNode = FALSE
	EndGlobalSection
	GlobalSection(ExtensibilityGlobals) = postSolution
		SolutionGuid = {7E17EDD9-F9F9-4239-95A6-3EF3BF7D54EE}
	EndGlobalSection
EndGlobal
